
Microsoft Visual Studio Solution File, Format Version 12.00
# Visual Studio Version 17
VisualStudioVersion = 17.9.34902.65
MinimumVisualStudioVersion = 10.0.40219.1
Project("{FAE04EC0-301F-11D3-BF4B-00C04F79EFBC}") = "SortedShell", "SortedShell\SortedShell.csproj", "{D7EB5C5B-A0D3-45C4-B724-5E7123B2194F}"
EndProject
Global
	GlobalSection(SolutionConfigurationPlatforms) = preSolution
		Debug|Any CPU = Debug|Any CPU
		Release|Any CPU = Release|Any CPU
	EndGlobalSection
	GlobalSection(ProjectConfigurationPlatforms) = postSolution
		{D7EB5C5B-A0D3-45C4-B724-5E7123B2194F}.Debug|Any CPU.ActiveCfg = Debug|Any CPU
		{D7EB5C5B-A0D3-45C4-B724-5E7123B2194F}.Debug|Any CPU.Build.0 = Debug|Any CPU
		{D7EB5C5B-A0D3-45C4-B724-5E7123B2194F}.Release|Any CPU.ActiveCfg = Release|Any CPU
		{D7EB5C5B-A0D3-45C4-B724-5E7123B2194F}.Release|Any CPU.Build.0 = Release|Any CPU
	EndGlobalSection
	GlobalSection(SolutionProperties) = preSolution
		HideSolutionNode = FALSE
	EndGlobalSection
	GlobalSection(ExtensibilityGlobals) = postSolution
		SolutionGuid = {370DFBFF-9E02-49BB-921D-207280304AA4}
	EndGlobalSection
EndGlobal
